// !$*UTF8*$!
{
	archiveVersion = 1;
	classes = {
	};
	objectVersion = 52;
	objects = {

/* Begin PBXBuildFile section */
		3F6BF697287C8EF000D671F0 /* AppDelegate.swift in Sources */ = {isa = PBXBuildFile; fileRef = 3F6BF696287C8EF000D671F0 /* AppDelegate.swift */; };
		3F6BF699287C8EF000D671F0 /* SceneDelegate.swift in Sources */ = {isa = PBXBuildFile; fileRef = 3F6BF698287C8EF000D671F0 /* SceneDelegate.swift */; };
		3F6BF69E287C8EF000D671F0 /* Main.storyboard in Resources */ = {isa = PBXBuildFile; fileRef = 3F6BF69C287C8EF000D671F0 /* Main.storyboard */; };
		3F6BF6A0287C8EF200D671F0 /* Assets.xcassets in Resources */ = {isa = PBXBuildFile; fileRef = 3F6BF69F287C8EF200D671F0 /* Assets.xcassets */; };
		3F6BF6A3287C8EF200D671F0 /* LaunchScreen.storyboard in Resources */ = {isa = PBXBuildFile; fileRef = 3F6BF6A1287C8EF200D671F0 /* LaunchScreen.storyboard */; };
		3F6BF6AB287C90A600D671F0 /* TodolistTableViewController.swift in Sources */ = {isa = PBXBuildFile; fileRef = 3F6BF6AA287C90A600D671F0 /* TodolistTableViewController.swift */; };
		3F6BF6AD287DCCE900D671F0 /* AddViewController.swift in Sources */ = {isa = PBXBuildFile; fileRef = 3F6BF6AC287DCCE900D671F0 /* AddViewController.swift */; };
		3F6BF6AF287DD38700D671F0 /* Task.swift in Sources */ = {isa = PBXBuildFile; fileRef = 3F6BF6AE287DD38700D671F0 /* Task.swift */; };
		3F6BF6B1287E010600D671F0 /* DetailViewController.swift in Sources */ = {isa = PBXBuildFile; fileRef = 3F6BF6B0287E010600D671F0 /* DetailViewController.swift */; };
		3FD48CFB287F2FB20048AEB8 /* SQLite in Frameworks */ = {isa = PBXBuildFile; productRef = 3FD48CFA287F2FB20048AEB8 /* SQLite */; };
/* End PBXBuildFile section */

/* Begin PBXFileReference section */
		3F6BF693287C8EF000D671F0 /* ToDoer.app */ = {isa = PBXFileReference; explicitFileType = wrapper.application; includeInIndex = 0; path = ToDoer.app; sourceTree = BUILT_PRODUCTS_DIR; };
		3F6BF696287C8EF000D671F0 /* AppDelegate.swift */ = {isa = PBXFileReference; lastKnownFileType = sourcecode.swift; path = AppDelegate.swift; sourceTree = "<group>"; };
		3F6BF698287C8EF000D671F0 /* SceneDelegate.swift */ = {isa = PBXFileReference; lastKnownFileType = sourcecode.swift; path = SceneDelegate.swift; sourceTree = "<group>"; };
		3F6BF69D287C8EF000D671F0 /* Base */ = {isa = PBXFileReference; lastKnownFileType = file.storyboard; name = Base; path = Base.lproj/Main.storyboard; sourceTree = "<group>"; };
		3F6BF69F287C8EF200D671F0 /* Assets.xcassets */ = {isa = PBXFileReference; lastKnownFileType = folder.assetcatalog; path = Assets.xcassets; sourceTree = "<group>"; };
		3F6BF6A2287C8EF200D671F0 /* Base */ = {isa = PBXFileReference; lastKnownFileType = file.storyboard; name = Base; path = Base.lproj/LaunchScreen.storyboard; sourceTree = "<group>"; };
		3F6BF6A4287C8EF200D671F0 /* Info.plist */ = {isa = PBXFileReference; lastKnownFileType = text.plist.xml; path = Info.plist; sourceTree = "<group>"; };
		3F6BF6AA287C90A600D671F0 /* TodolistTableViewController.swift */ = {isa = PBXFileReference; lastKnownFileType = sourcecode.swift; path = TodolistTableViewController.swift; sourceTree = "<group>"; };
		3F6BF6AC287DCCE900D671F0 /* AddViewController.swift */ = {isa = PBXFileReference; lastKnownFileType = sourcecode.swift; path = AddViewController.swift; sourceTree = "<group>"; };
		3F6BF6AE287DD38700D671F0 /* Task.swift */ = {isa = PBXFileReference; lastKnownFileType = sourcecode.swift; path = Task.swift; sourceTree = "<group>"; };
		3F6BF6B0287E010600D671F0 /* DetailViewController.swift */ = {isa = PBXFileReference; lastKnownFileType = sourcecode.swift; path = DetailViewController.swift; sourceTree = "<group>"; };
/* End PBXFileReference section */

/* Begin PBXFrameworksBuildPhase section */
		3F6BF690287C8EF000D671F0 /* Frameworks */ = {
			isa = PBXFrameworksBuildPhase;
			buildActionMask = 2147483647;
			files = (
				3FD48CFB287F2FB20048AEB8 /* SQLite in Frameworks */,
			);
			runOnlyForDeploymentPostprocessing = 0;
		};
/* End PBXFrameworksBuildPhase section */

/* Begin PBXGroup section */
		3F6BF68A287C8EF000D671F0 = {
			isa = PBXGroup;
			children = (
				3F6BF695287C8EF000D671F0 /* ToDoer */,
				3F6BF694287C8EF000D671F0 /* Products */,
			);
			sourceTree = "<group>";
		};
		3F6BF694287C8EF000D671F0 /* Products */ = {
			isa = PBXGroup;
			children = (
				3F6BF693287C8EF000D671F0 /* ToDoer.app */,
			);
			name = Products;
			sourceTree = "<group>";
		};
		3F6BF695287C8EF000D671F0 /* ToDoer */ = {
			isa = PBXGroup;
			children = (
				3F6BF696287C8EF000D671F0 /* AppDelegate.swift */,
				3F6BF698287C8EF000D671F0 /* SceneDelegate.swift */,
				3F6BF69C287C8EF000D671F0 /* Main.storyboard */,
				3F6BF6B0287E010600D671F0 /* DetailViewController.swift */,
				3F6BF6AC287DCCE900D671F0 /* AddViewController.swift */,
				3F6BF6AA287C90A600D671F0 /* TodolistTableViewController.swift */,
				3F6BF69F287C8EF200D671F0 /* Assets.xcassets */,
				3F6BF6A1287C8EF200D671F0 /* LaunchScreen.storyboard */,
				3F6BF6A4287C8EF200D671F0 /* Info.plist */,
				3F6BF6AE287DD38700D671F0 /* Task.swift */,
			);
			path = ToDoer;
			sourceTree = "<group>";
		};
/* End PBXGroup section */

/* Begin PBXNativeTarget section */
		3F6BF692287C8EF000D671F0 /* ToDoer */ = {
			isa = PBXNativeTarget;
			buildConfigurationList = 3F6BF6A7287C8EF200D671F0 /* Build configuration list for PBXNativeTarget "ToDoer" */;
			buildPhases = (
				3F6BF68F287C8EF000D671F0 /* Sources */,
				3F6BF690287C8EF000D671F0 /* Frameworks */,
				3F6BF691287C8EF000D671F0 /* Resources */,
			);
			buildRules = (
			);
			dependencies = (
			);
			name = ToDoer;
			packageProductDependencies = (
				3FD48CFA287F2FB20048AEB8 /* SQLite */,
			);
			productName = ToDoer;
			productReference = 3F6BF693287C8EF000D671F0 /* ToDoer.app */;
			productType = "com.apple.product-type.application";
		};
/* End PBXNativeTarget section */

/* Begin PBXProject section */
		3F6BF68B287C8EF000D671F0 /* Project object */ = {
			isa = PBXProject;
			attributes = {
				LastSwiftUpdateCheck = 1250;
				LastUpgradeCheck = 1250;
				TargetAttributes = {
					3F6BF692287C8EF000D671F0 = {
						CreatedOnToolsVersion = 12.5.1;
					};
				};
			};
			buildConfigurationList = 3F6BF68E287C8EF000D671F0 /* Build configuration list for PBXProject "ToDoer" */;
			compatibilityVersion = "Xcode 9.3";
			developmentRegion = en;
			hasScannedForEncodings = 0;
			knownRegions = (
				en,
				Base,
			);
			mainGroup = 3F6BF68A287C8EF000D671F0;
			packageReferences = (
				3FD48CF9287F2FB20048AEB8 /* XCRemoteSwiftPackageReference "SQLite" */,
			);
			productRefGroup = 3F6BF694287C8EF000D671F0 /* Products */;
			projectDirPath = "";
			projectRoot = "";
			targets = (
				3F6BF692287C8EF000D671F0 /* ToDoer */,
			);
		};
/* End PBXProject section */

/* Begin PBXResourcesBuildPhase section */
		3F6BF691287C8EF000D671F0 /* Resources */ = {
			isa = PBXResourcesBuildPhase;
			buildActionMask = 2147483647;
			files = (
				3F6BF6A3287C8EF200D671F0 /* LaunchScreen.storyboard in Resources */,
				3F6BF6A0287C8EF200D671F0 /* Assets.xcassets in Resources */,
				3F6BF69E287C8EF000D671F0 /* Main.storyboard in Resources */,
			);
			runOnlyForDeploymentPostprocessing = 0;
		};
/* End PBXResourcesBuildPhase section */

/* Begin PBXSourcesBuildPhase section */
		3F6BF68F287C8EF000D671F0 /* Sources */ = {
			isa = PBXSourcesBuildPhase;
			buildActionMask = 2147483647;
			files = (
				3F6BF697287C8EF000D671F0 /* AppDelegate.swift in Sources */,
				3F6BF6AB287C90A600D671F0 /* TodolistTableViewController.swift in Sources */,
				3F6BF6AD287DCCE900D671F0 /* AddViewController.swift in Sources */,
				3F6BF6B1287E010600D671F0 /* DetailViewController.swift in Sources */,
				3F6BF699287C8EF000D671F0 /* SceneDelegate.swift in Sources */,
				3F6BF6AF287DD38700D671F0 /* Task.swift in Sources */,
			);
			runOnlyForDeploymentPostprocessing = 0;
		};
/* End PBXSourcesBuildPhase section */

/* Begin PBXVariantGroup section */
		3F6BF69C287C8EF000D671F0 /* Main.storyboard */ = {
			isa = PBXVariantGroup;
			children = (
				3F6BF69D287C8EF000D671F0 /* Base */,
			);
			name = Main.storyboard;
			sourceTree = "<group>";
		};
		3F6BF6A1287C8EF200D671F0 /* LaunchScreen.storyboard */ = {
			isa = PBXVariantGroup;
			children = (
				3F6BF6A2287C8EF200D671F0 /* Base */,
			);
			name = LaunchScreen.storyboard;
			sourceTree = "<group>";
		};
/* End PBXVariantGroup section */

/* Begin XCBuildConfiguration section */
		3F6BF6A5287C8EF200D671F0 /* Debug */ = {
			isa = XCBuildConfiguration;
			buildSettings = {
				ALWAYS_SEARCH_USER_PATHS = NO;
				CLANG_ANALYZER_NONNULL = YES;
				CLANG_ANALYZER_NUMBER_OBJECT_CONVERSION = YES_AGGRESSIVE;
				CLANG_CXX_LANGUAGE_STANDARD = "gnu++14";
				CLANG_CXX_LIBRARY = "libc++";
				CLANG_ENABLE_MODULES = YES;
				CLANG_ENABLE_OBJC_ARC = YES;
				CLANG_ENABLE_OBJC_WEAK = YES;
				CLANG_WARN_BLOCK_CAPTURE_AUTORELEASING = YES;
				CLANG_WARN_BOOL_CONVERSION = YES;
				CLANG_WARN_COMMA = YES;
				CLANG_WARN_CONSTANT_CONVERSION = YES;
				CLANG_WARN_DEPRECATED_OBJC_IMPLEMENTATIONS = YES;
				CLANG_WARN_DIRECT_OBJC_ISA_USAGE = YES_ERROR;
				CLANG_WARN_DOCUMENTATION_COMMENTS = YES;
				CLANG_WARN_EMPTY_BODY = YES;
				CLANG_WARN_ENUM_CONVERSION = YES;
				CLANG_WARN_INFINITE_RECURSION = YES;
				CLANG_WARN_INT_CONVERSION = YES;
				CLANG_WARN_NON_LITERAL_NULL_CONVERSION = YES;
				CLANG_WARN_OBJC_IMPLICIT_RETAIN_SELF = YES;
				CLANG_WARN_OBJC_LITERAL_CONVERSION = YES;
				CLANG_WARN_OBJC_ROOT_CLASS = YES_ERROR;
				CLANG_WARN_QUOTED_INCLUDE_IN_FRAMEWORK_HEADER = YES;
				CLANG_WARN_RANGE_LOOP_ANALYSIS = YES;
				CLANG_WARN_STRICT_PROTOTYPES = YES;
				CLANG_WARN_SUSPICIOUS_MOVE = YES;
				CLANG_WARN_UNGUARDED_AVAILABILITY = YES_AGGRESSIVE;
				CLANG_WARN_UNREACHABLE_CODE = YES;
				CLANG_WARN__DUPLICATE_METHOD_MATCH = YES;
				COPY_PHASE_STRIP = NO;
				DEBUG_INFORMATION_FORMAT = dwarf;
				ENABLE_STRICT_OBJC_MSGSEND = YES;
				ENABLE_TESTABILITY = YES;
				GCC_C_LANGUAGE_STANDARD = gnu11;
				GCC_DYNAMIC_NO_PIC = NO;
				GCC_NO_COMMON_BLOCKS = YES;
				GCC_OPTIMIZATION_LEVEL = 0;
				GCC_PREPROCESSOR_DEFINITIONS = (
					"DEBUG=1",
					"$(inherited)",
				);
				GCC_WARN_64_TO_32_BIT_CONVERSION = YES;
				GCC_WARN_ABOUT_RETURN_TYPE = YES_ERROR;
				GCC_WARN_UNDECLARED_SELECTOR = YES;
				GCC_WARN_UNINITIALIZED_AUTOS = YES_AGGRESSIVE;
				GCC_WARN_UNUSED_FUNCTION = YES;
				GCC_WARN_UNUSED_VARIABLE = YES;
				IPHONEOS_DEPLOYMENT_TARGET = 14.5;
				MTL_ENABLE_DEBUG_INFO = INCLUDE_SOURCE;
				MTL_FAST_MATH = YES;
				ONLY_ACTIVE_ARCH = YES;
				SDKROOT = iphoneos;
				SWIFT_ACTIVE_COMPILATION_CONDITIONS = DEBUG;
				SWIFT_OPTIMIZATION_LEVEL = "-Onone";
			};
			name = Debug;
		};
		3F6BF6A6287C8EF200D671F0 /* Release */ = {
			isa = XCBuildConfiguration;
			buildSettings = {
				ALWAYS_SEARCH_USER_PATHS = NO;
				CLANG_ANALYZER_NONNULL = YES;
				CLANG_ANALYZER_NUMBER_OBJECT_CONVERSION = YES_AGGRESSIVE;
				CLANG_CXX_LANGUAGE_STANDARD = "gnu++14";
				CLANG_CXX_LIBRARY = "libc++";
				CLANG_ENABLE_MODULES = YES;
				CLANG_ENABLE_OBJC_ARC = YES;
				CLANG_ENABLE_OBJC_WEAK = YES;
				CLANG_WARN_BLOCK_CAPTURE_AUTORELEASING = YES;
				CLANG_WARN_BOOL_CONVERSION = YES;
				CLANG_WARN_COMMA = YES;
				CLANG_WARN_CONSTANT_CONVERSION = YES;
				CLANG_WARN_DEPRECATED_OBJC_IMPLEMENTATIONS = YES;
				CLANG_WARN_DIRECT_OBJC_ISA_USAGE = YES_ERROR;
				CLANG_WARN_DOCUMENTATION_COMMENTS = YES;
				CLANG_WARN_EMPTY_BODY = YES;
				CLANG_WARN_ENUM_CONVERSION = YES;
				CLANG_WARN_INFINITE_RECURSION = YES;
				CLANG_WARN_INT_CONVERSION = YES;
				CLANG_WARN_NON_LITERAL_NULL_CONVERSION = YES;
				CLANG_WARN_OBJC_IMPLICIT_RETAIN_SELF = YES;
				CLANG_WARN_OBJC_LITERAL_CONVERSION = YES;
				CLANG_WARN_OBJC_ROOT_CLASS = YES_ERROR;
				CLANG_WARN_QUOTED_INCLUDE_IN_FRAMEWORK_HEADER = YES;
				CLANG_WARN_RANGE_LOOP_ANALYSIS = YES;
				CLANG_WARN_STRICT_PROTOTYPES = YES;
				CLANG_WARN_SUSPICIOUS_MOVE = YES;
				CLANG_WARN_UNGUARDED_AVAILABILITY = YES_AGGRESSIVE;
				CLANG_WARN_UNREACHABLE_CODE = YES;
				CLANG_WARN__DUPLICATE_METHOD_MATCH = YES;
				COPY_PHASE_STRIP = NO;
				DEBUG_INFORMATION_FORMAT = "dwarf-with-dsym";
				ENABLE_NS_ASSERTIONS = NO;
				ENABLE_STRICT_OBJC_MSGSEND = YES;
				GCC_C_LANGUAGE_STANDARD = gnu11;
				GCC_NO_COMMON_BLOCKS = YES;
				GCC_WARN_64_TO_32_BIT_CONVERSION = YES;
				GCC_WARN_ABOUT_RETURN_TYPE = YES_ERROR;
				GCC_WARN_UNDECLARED_SELECTOR = YES;
				GCC_WARN_UNINITIALIZED_AUTOS = YES_AGGRESSIVE;
				GCC_WARN_UNUSED_FUNCTION = YES;
				GCC_WARN_UNUSED_VARIABLE = YES;
				IPHONEOS_DEPLOYMENT_TARGET = 14.5;
				MTL_ENABLE_DEBUG_INFO = NO;
				MTL_FAST_MATH = YES;
				SDKROOT = iphoneos;
				SWIFT_COMPILATION_MODE = wholemodule;
				SWIFT_OPTIMIZATION_LEVEL = "-O";
				VALIDATE_PRODUCT = YES;
			};
			name = Release;
		};
		3F6BF6A8287C8EF200D671F0 /* Debug */ = {
			isa = XCBuildConfiguration;
			buildSettings = {
				ASSETCATALOG_COMPILER_APPICON_NAME = AppIcon;
				ASSETCATALOG_COMPILER_GLOBAL_ACCENT_COLOR_NAME = AccentColor;
				CODE_SIGN_STYLE = Automatic;
				INFOPLIST_FILE = ToDoer/Info.plist;
				LD_RUNPATH_SEARCH_PATHS = (
					"$(inherited)",
					"@executable_path/Frameworks",
				);
				PRODUCT_BUNDLE_IDENTIFIER = org.UIC.DPI2022.ToDoer;
				PRODUCT_NAME = "$(TARGET_NAME)";
				SWIFT_VERSION = 5.0;
				TARGETED_DEVICE_FAMILY = "1,2";
			};
			name = Debug;
		};
		3F6BF6A9287C8EF200D671F0 /* Release */ = {
			isa = XCBuildConfiguration;
			buildSettings = {
				ASSETCATALOG_COMPILER_APPICON_NAME = AppIcon;
				ASSETCATALOG_COMPILER_GLOBAL_ACCENT_COLOR_NAME = AccentColor;
				CODE_SIGN_STYLE = Automatic;
				INFOPLIST_FILE = ToDoer/Info.plist;
				LD_RUNPATH_SEARCH_PATHS = (
					"$(inherited)",
					"@executable_path/Frameworks",
				);
				PRODUCT_BUNDLE_IDENTIFIER = org.UIC.DPI2022.ToDoer;
				PRODUCT_NAME = "$(TARGET_NAME)";
				SWIFT_VERSION = 5.0;
				TARGETED_DEVICE_FAMILY = "1,2";
			};
			name = Release;
		};
/* End XCBuildConfiguration section */

/* Begin XCConfigurationList section */
		3F6BF68E287C8EF000D671F0 /* Build configuration list for PBXProject "ToDoer" */ = {
			isa = XCConfigurationList;
			buildConfigurations = (
				3F6BF6A5287C8EF200D671F0 /* Debug */,
				3F6BF6A6287C8EF200D671F0 /* Release */,
			);
			defaultConfigurationIsVisible = 0;
			defaultConfigurationName = Release;
		};
		3F6BF6A7287C8EF200D671F0 /* Build configuration list for PBXNativeTarget "ToDoer" */ = {
			isa = XCConfigurationList;
			buildConfigurations = (
				3F6BF6A8287C8EF200D671F0 /* Debug */,
				3F6BF6A9287C8EF200D671F0 /* Release */,
			);
			defaultConfigurationIsVisible = 0;
			defaultConfigurationName = Release;
		};
/* End XCConfigurationList section */

/* Begin XCRemoteSwiftPackageReference section */
		3FD48CF9287F2FB20048AEB8 /* XCRemoteSwiftPackageReference "SQLite" */ = {
			isa = XCRemoteSwiftPackageReference;
			repositoryURL = "https://github.com/stephencelis/SQLite.swift";
			requirement = {
				kind = upToNextMajorVersion;
				minimumVersion = 0.13.3;
			};
		};
/* End XCRemoteSwiftPackageReference section */

/* Begin XCSwiftPackageProductDependency section */
		3FD48CFA287F2FB20048AEB8 /* SQLite */ = {
			isa = XCSwiftPackageProductDependency;
			package = 3FD48CF9287F2FB20048AEB8 /* XCRemoteSwiftPackageReference "SQLite" */;
			productName = SQLite;
		};
/* End XCSwiftPackageProductDependency section */
	};
	rootObject = 3F6BF68B287C8EF000D671F0 /* Project object */;
}
